{
  "version": 4,
  "terraform_version": "0.12.18",
  "serial": 3,
  "lineage": "caa42821-9916-4463-404d-821c06e6ca8b",
  "outputs": {},
  "resources": [
    {
      "mode": "managed",
      "type": "aws_instance",
      "name": "web",
      "provider": "provider.aws",
      "instances": [
        {
          "schema_version": 1,
          "attributes": {
            "ami": "ami-5b673c34",
            "arn": "arn:aws:ec2:ap-south-1:625097054767:instance/i-0680726163929dcb1",
            "associate_public_ip_address": true,
            "availability_zone": "ap-south-1a",
            "cpu_core_count": 1,
            "cpu_threads_per_core": 1,
            "credit_specification": [
              {
                "cpu_credits": "standard"
              }
            ],
            "disable_api_termination": false,
            "ebs_block_device": [],
            "ebs_optimized": false,
            "ephemeral_block_device": [],
            "get_password_data": false,
            "host_id": null,
            "iam_instance_profile": "",
            "id": "i-0680726163929dcb1",
            "instance_initiated_shutdown_behavior": null,
            "instance_state": "running",
            "instance_type": "t2.micro",
            "ipv6_address_count": 0,
            "ipv6_addresses": [],
            "key_name": "",
            "monitoring": false,
            "network_interface": [],
            "network_interface_id": null,
            "password_data": "",
            "placement_group": "",
            "primary_network_interface_id": "eni-0a5322840fd9e66de",
            "private_dns": "ip-172-31-16-213.ap-south-1.compute.internal",
            "private_ip": "172.31.16.213",
            "public_dns": "ec2-13-233-229-130.ap-south-1.compute.amazonaws.com",
            "public_ip": "13.233.229.130",
            "root_block_device": [
              {
                "delete_on_termination": true,
                "encrypted": false,
                "iops": 100,
                "kms_key_id": "",
                "volume_id": "vol-0bafefd4387c01d8d",
                "volume_size": 10,
                "volume_type": "gp2"
              }
            ],
            "security_groups": [
              "default"
            ],
            "source_dest_check": true,
            "subnet_id": "subnet-8c19b3e5",
            "tags": {
              "Name": "Shtl"
            },
            "tenancy": "default",
            "timeouts": null,
            "user_data": null,
            "user_data_base64": null,
            "volume_tags": {},
            "vpc_security_group_ids": [
              "sg-fdb42694"
            ]
          },
          "private": "eyJlMmJmYjczMC1lY2FhLTExZTYtOGY4OC0zNDM2M2JjN2M0YzAiOnsiY3JlYXRlIjo2MDAwMDAwMDAwMDAsImRlbGV0ZSI6MTIwMDAwMDAwMDAwMCwidXBkYXRlIjo2MDAwMDAwMDAwMDB9LCJzY2hlbWFfdmVyc2lvbiI6IjEifQ=="
        }
      ]
    },
    {
      "mode": "managed",
      "type": "github_repository",
      "name": "ShtlRepo",
      "provider": "provider.github",
      "instances": [
        {
          "schema_version": 0,
          "attributes": {
            "allow_merge_commit": true,
            "allow_rebase_merge": true,
            "allow_squash_merge": true,
            "archived": false,
            "auto_init": null,
            "default_branch": "master",
            "description": "My first code from terraform",
            "etag": "W/\"d47e8d6666415851fe66e4d35382b289\"",
            "full_name": "SheetalOrgs/RepoViaTerraform",
            "git_clone_url": "git://github.com/SheetalOrgs/RepoViaTerraform.git",
            "gitignore_template": null,
            "has_downloads": false,
            "has_issues": false,
            "has_projects": false,
            "has_wiki": false,
            "homepage_url": "",
            "html_url": "https://github.com/SheetalOrgs/RepoViaTerraform",
            "http_clone_url": "https://github.com/SheetalOrgs/RepoViaTerraform.git",
            "id": "RepoViaTerraform",
            "license_template": null,
            "name": "RepoViaTerraform",
            "private": false,
            "ssh_clone_url": "git@github.com:SheetalOrgs/RepoViaTerraform.git",
            "svn_url": "https://github.com/SheetalOrgs/RepoViaTerraform",
            "topics": null
          },
          "private": "bnVsbA=="
        }
      ]
    }
  ]
}
