{
  "version": 4,
  "terraform_version": "0.12.18",
  "serial": 17,
  "lineage": "caa42821-9916-4463-404d-821c06e6ca8b",
  "outputs": {},
  "resources": [
    {
      "mode": "managed",
      "type": "aws_iam_user",
      "name": "example",
      "each": "list",
      "provider": "provider.aws",
      "instances": [
        {
          "index_key": 0,
          "schema_version": 0,
          "attributes": {
            "arn": "arn:aws:iam::625097054767:user/broad.0",
            "force_destroy": false,
            "id": "broad.0",
            "name": "broad.0",
            "path": "/",
            "permissions_boundary": null,
            "tags": null,
            "unique_id": "AIDAZDCVQDIXWTSFYJ5VY"
          },
          "private": "bnVsbA=="
        },
        {
          "index_key": 1,
          "schema_version": 0,
          "attributes": {
            "arn": "arn:aws:iam::625097054767:user/broad.1",
            "force_destroy": false,
            "id": "broad.1",
            "name": "broad.1",
            "path": "/",
            "permissions_boundary": null,
            "tags": null,
            "unique_id": "AIDAZDCVQDIXSMJFTKFZ4"
          },
          "private": "bnVsbA=="
        },
        {
          "index_key": 2,
          "schema_version": 0,
          "attributes": {
            "arn": "arn:aws:iam::625097054767:user/broad.2",
            "force_destroy": false,
            "id": "broad.2",
            "name": "broad.2",
            "path": "/",
            "permissions_boundary": null,
            "tags": null,
            "unique_id": "AIDAZDCVQDIXYEMPWMIKD"
          },
          "private": "bnVsbA=="
        }
      ]
    },
    {
      "mode": "managed",
      "type": "github_repository",
      "name": "ShtlRepo1",
      "provider": "provider.github",
      "instances": [
        {
          "schema_version": 0,
          "attributes": {
            "allow_merge_commit": true,
            "allow_rebase_merge": true,
            "allow_squash_merge": true,
            "archived": false,
            "auto_init": null,
            "default_branch": "master",
            "description": "My awesome codebase - Day2",
            "etag": "W/\"5ed98eebf64f987dc7f2381137e79acd\"",
            "full_name": "SheetalOrgs/Shtlday3-broad",
            "git_clone_url": "git://github.com/SheetalOrgs/Shtlday3-broad.git",
            "gitignore_template": null,
            "has_downloads": false,
            "has_issues": false,
            "has_projects": false,
            "has_wiki": false,
            "homepage_url": "",
            "html_url": "https://github.com/SheetalOrgs/Shtlday3-broad",
            "http_clone_url": "https://github.com/SheetalOrgs/Shtlday3-broad.git",
            "id": "Shtlday3-broad",
            "license_template": null,
            "name": "Shtlday3-broad",
            "private": false,
            "ssh_clone_url": "git@github.com:SheetalOrgs/Shtlday3-broad.git",
            "svn_url": "https://github.com/SheetalOrgs/Shtlday3-broad",
            "topics": null
          },
          "private": "bnVsbA=="
        }
      ]
    }
  ]
}
