{
  "version": 4,
  "terraform_version": "0.12.18",
  "serial": 3,
  "lineage": "aafde739-7729-283a-dbb7-dccb279c5a5e",
  "outputs": {},
  "resources": [
    {
      "mode": "managed",
      "type": "aws_instance",
      "name": "Pradyumna",
      "provider": "provider.aws",
      "instances": [
        {
          "schema_version": 1,
          "attributes": {
            "ami": "ami-5b673c34",
            "arn": "arn:aws:ec2:ap-south-1:625097054767:instance/i-0489a43ab32bf387f",
            "associate_public_ip_address": true,
            "availability_zone": "ap-south-1a",
            "cpu_core_count": 1,
            "cpu_threads_per_core": 1,
            "credit_specification": [
              {
                "cpu_credits": "standard"
              }
            ],
            "disable_api_termination": false,
            "ebs_block_device": [],
            "ebs_optimized": false,
            "ephemeral_block_device": [],
            "get_password_data": false,
            "host_id": null,
            "iam_instance_profile": "",
            "id": "i-0489a43ab32bf387f",
            "instance_initiated_shutdown_behavior": null,
            "instance_state": "running",
            "instance_type": "t2.micro",
            "ipv6_address_count": 0,
            "ipv6_addresses": [],
            "key_name": "",
            "monitoring": false,
            "network_interface": [],
            "network_interface_id": null,
            "password_data": "",
            "placement_group": "",
            "primary_network_interface_id": "eni-0172ec4cd6a4524d7",
            "private_dns": "ip-172-31-25-159.ap-south-1.compute.internal",
            "private_ip": "172.31.25.159",
            "public_dns": "ec2-13-127-133-31.ap-south-1.compute.amazonaws.com",
            "public_ip": "13.127.133.31",
            "root_block_device": [
              {
                "delete_on_termination": true,
                "encrypted": false,
                "iops": 100,
                "kms_key_id": "",
                "volume_id": "vol-0348aca06bee11282",
                "volume_size": 10,
                "volume_type": "gp2"
              }
            ],
            "security_groups": [
              "default"
            ],
            "source_dest_check": true,
            "subnet_id": "subnet-8c19b3e5",
            "tags": {
              "Name": "Pradyumna_Terraform"
            },
            "tenancy": "default",
            "timeouts": null,
            "user_data": null,
            "user_data_base64": null,
            "volume_tags": {},
            "vpc_security_group_ids": [
              "sg-fdb42694"
            ]
          },
          "private": "eyJlMmJmYjczMC1lY2FhLTExZTYtOGY4OC0zNDM2M2JjN2M0YzAiOnsiY3JlYXRlIjo2MDAwMDAwMDAwMDAsImRlbGV0ZSI6MTIwMDAwMDAwMDAwMCwidXBkYXRlIjo2MDAwMDAwMDAwMDB9LCJzY2hlbWFfdmVyc2lvbiI6IjEifQ=="
        }
      ]
    },
    {
      "mode": "managed",
      "type": "github_repository",
      "name": "Pra_terraform",
      "provider": "provider.github",
      "instances": [
        {
          "schema_version": 0,
          "attributes": {
            "allow_merge_commit": true,
            "allow_rebase_merge": true,
            "allow_squash_merge": true,
            "archived": false,
            "auto_init": null,
            "default_branch": "master",
            "description": "My Pra_terraform",
            "etag": "W/\"4bd2444fafb3f832245a48359922ffea\"",
            "full_name": "pradyumnaorg/Pra_terraform",
            "git_clone_url": "git://github.com/pradyumnaorg/Pra_terraform.git",
            "gitignore_template": null,
            "has_downloads": false,
            "has_issues": false,
            "has_projects": false,
            "has_wiki": false,
            "homepage_url": "",
            "html_url": "https://github.com/pradyumnaorg/Pra_terraform",
            "http_clone_url": "https://github.com/pradyumnaorg/Pra_terraform.git",
            "id": "Pra_terraform",
            "license_template": null,
            "name": "Pra_terraform",
            "private": false,
            "ssh_clone_url": "git@github.com:pradyumnaorg/Pra_terraform.git",
            "svn_url": "https://github.com/pradyumnaorg/Pra_terraform",
            "topics": null
          },
          "private": "bnVsbA=="
        }
      ]
    }
  ]
}
