{
  "version": 4,
  "terraform_version": "0.12.18",
  "serial": 24,
  "lineage": "e9eb03c2-aee4-4dd1-7a27-c6a8da256c80",
  "outputs": {},
  "resources": [
    {
      "mode": "managed",
      "type": "aws_iam_user",
      "name": "example",
      "each": "list",
      "provider": "provider.aws",
      "instances": [
        {
          "index_key": 0,
          "schema_version": 0,
          "attributes": {
            "arn": "arn:aws:iam::625097054767:user/broad_NVP.0",
            "force_destroy": false,
            "id": "broad_NVP.0",
            "name": "broad_NVP.0",
            "path": "/",
            "permissions_boundary": null,
            "tags": null,
            "unique_id": "AIDAZDCVQDIX4LCDWILEF"
          },
          "private": "bnVsbA=="
        },
        {
          "index_key": 1,
          "schema_version": 0,
          "attributes": {
            "arn": "arn:aws:iam::625097054767:user/broad_NVP.1",
            "force_destroy": false,
            "id": "broad_NVP.1",
            "name": "broad_NVP.1",
            "path": "/",
            "permissions_boundary": null,
            "tags": null,
            "unique_id": "AIDAZDCVQDIXX4KUB45FN"
          },
          "private": "bnVsbA=="
        },
        {
          "index_key": 2,
          "schema_version": 0,
          "attributes": {
            "arn": "arn:aws:iam::625097054767:user/broad_NVP.2",
            "force_destroy": false,
            "id": "broad_NVP.2",
            "name": "broad_NVP.2",
            "path": "/",
            "permissions_boundary": null,
            "tags": null,
            "unique_id": "AIDAZDCVQDIXRNXNT4QVT"
          },
          "private": "bnVsbA=="
        }
      ]
    },
    {
      "mode": "managed",
      "type": "aws_iam_user",
      "name": "iamuser",
      "each": "list",
      "provider": "provider.aws",
      "instances": [
        {
          "index_key": 0,
          "schema_version": 0,
          "attributes": {
            "arn": "arn:aws:iam::625097054767:user/nvp_user1",
            "force_destroy": false,
            "id": "nvp_user1",
            "name": "nvp_user1",
            "path": "/",
            "permissions_boundary": null,
            "tags": null,
            "unique_id": "AIDAZDCVQDIXVZ34KICUW"
          },
          "private": "bnVsbA=="
        },
        {
          "index_key": 1,
          "schema_version": 0,
          "attributes": {
            "arn": "arn:aws:iam::625097054767:user/nvp_user2",
            "force_destroy": false,
            "id": "nvp_user2",
            "name": "nvp_user2",
            "path": "/",
            "permissions_boundary": null,
            "tags": null,
            "unique_id": "AIDAZDCVQDIXZ2BOX6PWR"
          },
          "private": "bnVsbA=="
        },
        {
          "index_key": 2,
          "schema_version": 0,
          "attributes": {
            "arn": "arn:aws:iam::625097054767:user/nvp_user3",
            "force_destroy": false,
            "id": "nvp_user3",
            "name": "nvp_user3",
            "path": "/",
            "permissions_boundary": null,
            "tags": null,
            "unique_id": "AIDAZDCVQDIX52QJWNUE2"
          },
          "private": "bnVsbA=="
        }
      ]
    },
    {
      "mode": "managed",
      "type": "aws_instance",
      "name": "example",
      "provider": "provider.aws",
      "instances": [
        {
          "schema_version": 1,
          "attributes": {
            "ami": "ami-5b673c34",
            "arn": "arn:aws:ec2:ap-south-1:625097054767:instance/i-01437c2ae69766204",
            "associate_public_ip_address": true,
            "availability_zone": "ap-south-1a",
            "cpu_core_count": 1,
            "cpu_threads_per_core": 1,
            "credit_specification": [
              {
                "cpu_credits": "standard"
              }
            ],
            "disable_api_termination": false,
            "ebs_block_device": [],
            "ebs_optimized": false,
            "ephemeral_block_device": [],
            "get_password_data": false,
            "host_id": null,
            "iam_instance_profile": "",
            "id": "i-01437c2ae69766204",
            "instance_initiated_shutdown_behavior": null,
            "instance_state": "running",
            "instance_type": "t2.micro",
            "ipv6_address_count": 0,
            "ipv6_addresses": [],
            "key_name": "",
            "monitoring": false,
            "network_interface": [],
            "network_interface_id": null,
            "password_data": "",
            "placement_group": "",
            "primary_network_interface_id": "eni-0618a37afcb1b5211",
            "private_dns": "ip-172-31-31-247.ap-south-1.compute.internal",
            "private_ip": "172.31.31.247",
            "public_dns": "ec2-3-6-36-187.ap-south-1.compute.amazonaws.com",
            "public_ip": "3.6.36.187",
            "root_block_device": [
              {
                "delete_on_termination": true,
                "encrypted": false,
                "iops": 100,
                "kms_key_id": "",
                "volume_id": "vol-06239d44af7ce8876",
                "volume_size": 10,
                "volume_type": "gp2"
              }
            ],
            "security_groups": [
              "default"
            ],
            "source_dest_check": true,
            "subnet_id": "subnet-8c19b3e5",
            "tags": {
              "Name": "IWS_NVP_TF_EC2"
            },
            "tenancy": "default",
            "timeouts": null,
            "user_data": null,
            "user_data_base64": null,
            "volume_tags": {},
            "vpc_security_group_ids": [
              "sg-fdb42694"
            ]
          },
          "private": "eyJlMmJmYjczMC1lY2FhLTExZTYtOGY4OC0zNDM2M2JjN2M0YzAiOnsiY3JlYXRlIjo2MDAwMDAwMDAwMDAsImRlbGV0ZSI6MTIwMDAwMDAwMDAwMCwidXBkYXRlIjo2MDAwMDAwMDAwMDB9LCJzY2hlbWFfdmVyc2lvbiI6IjEifQ=="
        }
      ]
    }
  ]
}
