{
  "version": 4,
  "terraform_version": "0.12.18",
  "serial": 20,
  "lineage": "84cb117f-bd09-f8fe-bab2-14187393c2e2",
  "outputs": {},
  "resources": [
    {
      "mode": "managed",
      "type": "github_repository",
      "name": "Pra_terraform",
      "provider": "provider.github",
      "instances": [
        {
          "schema_version": 0,
          "attributes": {
            "allow_merge_commit": true,
            "allow_rebase_merge": true,
            "allow_squash_merge": true,
            "archived": false,
            "auto_init": null,
            "default_branch": "master",
            "description": "My Pra_terraform",
            "etag": "W/\"6919efd982933cb357c098eea634700a\"",
            "full_name": "pradyumnaorg/PRA_FROM_GITRES",
            "git_clone_url": "git://github.com/pradyumnaorg/PRA_FROM_GITRES.git",
            "gitignore_template": null,
            "has_downloads": false,
            "has_issues": false,
            "has_projects": false,
            "has_wiki": false,
            "homepage_url": "",
            "html_url": "https://github.com/pradyumnaorg/PRA_FROM_GITRES",
            "http_clone_url": "https://github.com/pradyumnaorg/PRA_FROM_GITRES.git",
            "id": "PRA_FROM_GITRES",
            "license_template": null,
            "name": "PRA_FROM_GITRES",
            "private": false,
            "ssh_clone_url": "git@github.com:pradyumnaorg/PRA_FROM_GITRES.git",
            "svn_url": "https://github.com/pradyumnaorg/PRA_FROM_GITRES",
            "topics": null
          },
          "private": "bnVsbA=="
        }
      ]
    }
  ]
}
